
Microsoft Visual Studio Solution File, Format Version 12.00
# Visual Studio Version 16
VisualStudioVersion = 16.0.34114.132
MinimumVisualStudioVersion = 10.0.40219.1
Project("{8BC9CEB8-8B4A-11D0-8D11-00A0C91BC942}") = "POO_workshop3", "POO_workshop3\POO_workshop3.vcxproj", "{9F17D462-F77D-4C34-B2CC-070B8EC57183}"
EndProject
Global
	GlobalSection(SolutionConfigurationPlatforms) = preSolution
		Debug|x64 = Debug|x64
		Debug|x86 = Debug|x86
		Release|x64 = Release|x64
		Release|x86 = Release|x86
	EndGlobalSection
	GlobalSection(ProjectConfigurationPlatforms) = postSolution
		{9F17D462-F77D-4C34-B2CC-070B8EC57183}.Debug|x64.ActiveCfg = Debug|x64
		{9F17D462-F77D-4C34-B2CC-070B8EC57183}.Debug|x64.Build.0 = Debug|x64
		{9F17D462-F77D-4C34-B2CC-070B8EC57183}.Debug|x86.ActiveCfg = Debug|Win32
		{9F17D462-F77D-4C34-B2CC-070B8EC57183}.Debug|x86.Build.0 = Debug|Win32
		{9F17D462-F77D-4C34-B2CC-070B8EC57183}.Release|x64.ActiveCfg = Release|x64
		{9F17D462-F77D-4C34-B2CC-070B8EC57183}.Release|x64.Build.0 = Release|x64
		{9F17D462-F77D-4C34-B2CC-070B8EC57183}.Release|x86.ActiveCfg = Release|Win32
		{9F17D462-F77D-4C34-B2CC-070B8EC57183}.Release|x86.Build.0 = Release|Win32
	EndGlobalSection
	GlobalSection(SolutionProperties) = preSolution
		HideSolutionNode = FALSE
	EndGlobalSection
	GlobalSection(ExtensibilityGlobals) = postSolution
		SolutionGuid = {5FA2786B-E7C2-45E7-9843-48C8D610907D}
	EndGlobalSection
EndGlobal
